
Microsoft Visual Studio Solution File, Format Version 12.00
# Visual Studio Version 17
VisualStudioVersion = 17.5.002.0
MinimumVisualStudioVersion = 10.0.40219.1
Project("{2150E333-8FDC-42A3-9474-1A3956D46DE8}") = "Examples", "Examples", "{259637AE-AAEB-497C-A34F-63B50A804832}"
EndProject
Project("{9A19103F-16F7-4668-BE54-9A1E7A4F7556}") = "ParralelMatrixMul", "Examples\ParralelMatrixMul\ParralelMatrixMul.csproj", "{BA6E36C8-8169-4BD2-961B-1FB31B830EF1}"
EndProject
Project("{2150E333-8FDC-42A3-9474-1A3956D46DE8}") = "Sorting", "Sorting", "{91685193-40A2-43DE-870A-BF9BBC2874D1}"
EndProject
Project("{9A19103F-16F7-4668-BE54-9A1E7A4F7556}") = "SecondCoutingSort", "Sorting\SecondCoutingSort\SecondCoutingSort.csproj", "{40CAF9D2-4B2C-42A1-AAF3-5BEF743E43A7}"
EndProject
Project("{9A19103F-16F7-4668-BE54-9A1E7A4F7556}") = "SelectionSort", "Sorting\SelectionSort\SelectionSort.csproj", "{3288E4FE-B9B5-4E9D-A196-C5D32BCB8505}"
EndProject
Project("{9A19103F-16F7-4668-BE54-9A1E7A4F7556}") = "CoutingSort", "Sorting\CoutingSort\CoutingSort.csproj", "{B6657A54-EDF9-40E6-88A2-577A2C7A3F6C}"
EndProject
Project("{9A19103F-16F7-4668-BE54-9A1E7A4F7556}") = "BubbleSort", "Sorting\BubbleSort\BubbleSort.csproj", "{3615A61A-76BC-4D8F-BDA4-1AC853C391BD}"
EndProject
Project("{9A19103F-16F7-4668-BE54-9A1E7A4F7556}") = "QuickSort", "Sorting\QuickSort\QuickSort.csproj", "{34AEB49D-2A87-4D31-90D0-D6A9517E4A70}"
EndProject
Project("{2150E333-8FDC-42A3-9474-1A3956D46DE8}") = "C#", "C#", "{0D2F9540-F98B-4271-89CF-5ECFC57676B2}"
EndProject
Project("{9A19103F-16F7-4668-BE54-9A1E7A4F7556}") = "Example006_Base", "Examples\C#\Example006_Base\Example006_Base.csproj", "{2A50BF50-60B8-43B3-9669-0DC7741E5C86}"
EndProject
Project("{9A19103F-16F7-4668-BE54-9A1E7A4F7556}") = "Example004_Div", "Examples\C#\Example004_Div\Example004_Div.csproj", "{12904343-6EA1-41FB-BBFA-A538FC7CF7B6}"
EndProject
Project("{9A19103F-16F7-4668-BE54-9A1E7A4F7556}") = "Example005_If", "Examples\C#\Example005_If\Example005_If.csproj", "{DAB22164-E415-4A67-AA8C-1F0C29129762}"
EndProject
Project("{9A19103F-16F7-4668-BE54-9A1E7A4F7556}") = "Example_008_pow", "Examples\C#\Example008_pow\Example_008_pow.csproj", "{0B9EB202-3DB4-4531-8275-6F4F59A2D3FC}"
EndProject
Project("{9A19103F-16F7-4668-BE54-9A1E7A4F7556}") = "Example030", "Examples\C#\Example030\Example030.csproj", "{68C01B66-E368-4777-9637-9BCBA410A428}"
EndProject
Project("{9A19103F-16F7-4668-BE54-9A1E7A4F7556}") = "Example024", "Examples\C#\Example024\Example024.csproj", "{E30A6FAD-43D8-4DB3-9B73-6506D3018BEB}"
EndProject
Project("{9A19103F-16F7-4668-BE54-9A1E7A4F7556}") = "Example003_Sum", "Examples\C#\Example003_Sum\Example003_Sum.csproj", "{D9EA4A34-2735-4B51-B22F-973284F0A84A}"
EndProject
Project("{9A19103F-16F7-4668-BE54-9A1E7A4F7556}") = "Example026", "Examples\C#\Example026\Example026.csproj", "{734C63B6-8DE2-4F20-B5C1-15B9283969BC}"
EndProject
Project("{9A19103F-16F7-4668-BE54-9A1E7A4F7556}") = "Example001_HelloConsole", "Examples\C#\Example001_HelloConsole\Example001_HelloConsole.csproj", "{D9B15CDC-F62F-404A-8C1E-8BB43F68907B}"
EndProject
Project("{9A19103F-16F7-4668-BE54-9A1E7A4F7556}") = "Example007_magic", "Examples\C#\Example007_magic\Example007_magic.csproj", "{FF0EBB59-4604-47A6-8EE8-D1B5121CCCF3}"
EndProject
Project("{9A19103F-16F7-4668-BE54-9A1E7A4F7556}") = "Example009", "Examples\C#\Example009\Example009.csproj", "{0417A34F-9DF6-44BA-AB1F-DC1CE7C8FE92}"
EndProject
Project("{9A19103F-16F7-4668-BE54-9A1E7A4F7556}") = "Example010", "Examples\C#\Example010\Example010.csproj", "{A64E17B8-9176-4592-AEC9-E0495F8768E0}"
EndProject
Project("{9A19103F-16F7-4668-BE54-9A1E7A4F7556}") = "Example027", "Examples\C#\Example028\Example027.csproj", "{D3742004-A30B-4D07-91F7-037D01DDE28E}"
EndProject
Project("{9A19103F-16F7-4668-BE54-9A1E7A4F7556}") = "Example002_HelloUser", "Examples\C#\Example002_HelloUser\Example002_HelloUser.csproj", "{2761860C-3006-44A7-9086-44E3211BF012}"
EndProject
Project("{2150E333-8FDC-42A3-9474-1A3956D46DE8}") = "ClientServer", "ClientServer", "{277C19FA-4662-4F5A-9884-AB4675E70F0E}"
EndProject
Project("{9A19103F-16F7-4668-BE54-9A1E7A4F7556}") = "Server", "Examples\ClientServer\Server\Server.csproj", "{D2BD8755-5139-473E-9A20-47A79A1ECB02}"
EndProject
Project("{9A19103F-16F7-4668-BE54-9A1E7A4F7556}") = "Client", "Examples\ClientServer\Client\Client.csproj", "{6E1530A3-360D-475D-8A5F-5BD620F00362}"
EndProject
Project("{2150E333-8FDC-42A3-9474-1A3956D46DE8}") = "Homework_5", "Homework_5", "{B6F20DCF-C2D3-49D1-AB2E-B33B7E3236DC}"
EndProject
Project("{9A19103F-16F7-4668-BE54-9A1E7A4F7556}") = "Task_34", "Examples\C#\Homework_5\Task_34\Task_34.csproj", "{8B456C32-8331-4364-B0B1-924AECA6D2A9}"
EndProject
Project("{9A19103F-16F7-4668-BE54-9A1E7A4F7556}") = "Task_38", "Examples\C#\Homework_5\Task_38\Task_38.csproj", "{121D2F4F-9BE9-4307-AE3D-81FFFFD3BB3B}"
EndProject
Project("{9A19103F-16F7-4668-BE54-9A1E7A4F7556}") = "Task_36", "Examples\C#\Homework_5\Task_36\Task_36.csproj", "{5871B70E-6D8B-4E03-A06D-CEC6DFC07577}"
EndProject
Project("{2150E333-8FDC-42A3-9474-1A3956D46DE8}") = "Homework_8", "Homework_8", "{D3F85FCC-B804-42D5-8A09-6337E031D7BD}"
EndProject
Project("{9A19103F-16F7-4668-BE54-9A1E7A4F7556}") = "Task_62", "Examples\C#\Homework_8\Task_62\Task_62.csproj", "{7621B444-F375-433A-9334-A90AC7B48B26}"
EndProject
Project("{9A19103F-16F7-4668-BE54-9A1E7A4F7556}") = "Task_58", "Examples\C#\Homework_8\Task_58_MatrixMul\Task_58.csproj", "{40F925E1-782E-4069-8982-D987164118BD}"
EndProject
Project("{9A19103F-16F7-4668-BE54-9A1E7A4F7556}") = "Task_54", "Examples\C#\Homework_8\Task_54\Task_54.csproj", "{74DD27F3-3C8D-4F17-B479-0B5DC055F399}"
EndProject
Project("{9A19103F-16F7-4668-BE54-9A1E7A4F7556}") = "Task_56", "Examples\C#\Homework_8\Task_56\Task_56.csproj", "{9035CEB9-B3B8-4A42-967E-E2C1E38F7F71}"
EndProject
Project("{9A19103F-16F7-4668-BE54-9A1E7A4F7556}") = "Task_60", "Examples\C#\Homework_8\Task_60\Task_60.csproj", "{569A6F08-FBE9-4C69-B05F-99375A2DE9C0}"
EndProject
Project("{2150E333-8FDC-42A3-9474-1A3956D46DE8}") = "Homework_3_seminar", "Homework_3_seminar", "{8C56F042-2174-438E-BB2A-D2AAB46D2C6A}"
EndProject
Project("{9A19103F-16F7-4668-BE54-9A1E7A4F7556}") = "Task_21", "Examples\C#\Homework_3_seminar\Task_21\Task_21.csproj", "{2DA485D8-CEF1-4105-B367-43AA0C25EC30}"
EndProject
Project("{9A19103F-16F7-4668-BE54-9A1E7A4F7556}") = "Task_19", "Examples\C#\Homework_3_seminar\Task_19\Task_19.csproj", "{4BE5B1CB-5DA8-4F11-8CDE-FF7238B0FA2C}"
EndProject
Project("{9A19103F-16F7-4668-BE54-9A1E7A4F7556}") = "Task_23", "Examples\C#\Homework_3_seminar\Task_23\Task_23.csproj", "{F4CA3637-7CAE-4000-B7A9-ECB5D404E7A6}"
EndProject
Project("{2150E333-8FDC-42A3-9474-1A3956D46DE8}") = "Homework_2_seminar", "Homework_2_seminar", "{E4C9528C-3969-44F5-B2FA-5732C7CE2262}"
EndProject
Project("{9A19103F-16F7-4668-BE54-9A1E7A4F7556}") = "Task_13", "Examples\C#\Homework_2_seminar\Task_13\Task_13.csproj", "{CFD20E9C-9057-4A22-A19A-C2BDC4C34FCB}"
EndProject
Project("{9A19103F-16F7-4668-BE54-9A1E7A4F7556}") = "Task_10", "Examples\C#\Homework_2_seminar\Task_10\Task_10.csproj", "{D6933EEB-C8FB-4271-8383-C1F47B5948C0}"
EndProject
Project("{9A19103F-16F7-4668-BE54-9A1E7A4F7556}") = "Task_15", "Examples\C#\Homework_2_seminar\Task_15\Task_15.csproj", "{8A8D311A-6910-46DE-9EA4-29D95BD92B45}"
EndProject
Project("{2150E333-8FDC-42A3-9474-1A3956D46DE8}") = "Homework_6", "Homework_6", "{E8C2D216-E843-430B-8632-ADFD667844DC}"
EndProject
Project("{9A19103F-16F7-4668-BE54-9A1E7A4F7556}") = "Task_41", "Examples\C#\Homework_6\Task_41\Task_41.csproj", "{2101BB23-C324-4E47-BA37-BA0E88CB1124}"
EndProject
Project("{9A19103F-16F7-4668-BE54-9A1E7A4F7556}") = "Task_43", "Examples\C#\Homework_6\Task_43\Task_43.csproj", "{8512263D-D1D8-40BE-AC19-64659D6E5819}"
EndProject
Project("{2150E333-8FDC-42A3-9474-1A3956D46DE8}") = "Homework_4", "Homework_4", "{65CC8B97-0DA6-4F3C-8BF5-2AED45E29C9D}"
EndProject
Project("{9A19103F-16F7-4668-BE54-9A1E7A4F7556}") = "Task_27", "Examples\C#\Homework_4\Task_27\Task_27.csproj", "{7D4C2598-B6F6-44D5-B96C-79253AAA98C5}"
EndProject
Project("{9A19103F-16F7-4668-BE54-9A1E7A4F7556}") = "Task_29", "Examples\C#\Homework_4\Task_29\Task_29.csproj", "{40E3D0CA-C152-47C7-AC1A-EC352DB4BA6A}"
EndProject
Project("{9A19103F-16F7-4668-BE54-9A1E7A4F7556}") = "Task_25", "Examples\C#\Homework_4\Task_25\Task_25.csproj", "{35EF2E24-4AEB-41D1-A778-650A12DB4E64}"
EndProject
Project("{2150E333-8FDC-42A3-9474-1A3956D46DE8}") = "Attestation", "Attestation", "{881D544D-A4C6-4C19-9DC8-532A0D70960B}"
EndProject
Project("{9A19103F-16F7-4668-BE54-9A1E7A4F7556}") = "Task_68", "Examples\C#\Attestation\Task_68\Task_68.csproj", "{01A1FFDA-43B3-403B-86A1-F2EAF30DFC04}"
EndProject
Project("{9A19103F-16F7-4668-BE54-9A1E7A4F7556}") = "Task_66", "Examples\C#\Attestation\Task_66\Task_66.csproj", "{5BF31996-03B5-498C-B4C5-C17F32D1AF7B}"
EndProject
Project("{9A19103F-16F7-4668-BE54-9A1E7A4F7556}") = "Task_64", "Examples\C#\Attestation\Task_64\Task_64.csproj", "{718E0CC8-4776-4C12-9238-43F8ED149B03}"
EndProject
Project("{2150E333-8FDC-42A3-9474-1A3956D46DE8}") = "Homework_7", "Homework_7", "{B86D1048-C5B5-4AEE-8F81-6EBB88C9AAA6}"
EndProject
Project("{9A19103F-16F7-4668-BE54-9A1E7A4F7556}") = "Task_52", "Examples\C#\Homework_7\Task_52\Task_52.csproj", "{CC5495FE-AC1B-4FE0-82D5-7BFA6C325DD0}"
EndProject
Project("{9A19103F-16F7-4668-BE54-9A1E7A4F7556}") = "Task_50", "Examples\C#\Homework_7\Task_50\Task_50.csproj", "{B75F6E31-D772-4554-9E4E-3C4499C6F273}"
EndProject
Project("{9A19103F-16F7-4668-BE54-9A1E7A4F7556}") = "Task_47", "Examples\C#\Homework_7\Task_47\Task_47.csproj", "{2E439508-A812-4E40-BEBC-B49FD1111272}"
EndProject
Project("{2150E333-8FDC-42A3-9474-1A3956D46DE8}") = "Homework_1_seminar", "Homework_1_seminar", "{2366F763-69C5-4F7B-8B62-5D853BF5D491}"
EndProject
Project("{9A19103F-16F7-4668-BE54-9A1E7A4F7556}") = "Task_2", "Examples\C#\Homework_1_seminar\Task_2\Task_2.csproj", "{6920C3BC-4B80-41D3-99B4-6B4F46D61A8C}"
EndProject
Project("{9A19103F-16F7-4668-BE54-9A1E7A4F7556}") = "Task_8", "Examples\C#\Homework_1_seminar\Task_8\Task_8.csproj", "{58600C21-9863-4894-879E-1E7D7F52E3CD}"
EndProject
Project("{9A19103F-16F7-4668-BE54-9A1E7A4F7556}") = "Task_6", "Examples\C#\Homework_1_seminar\Task_6\Task_6.csproj", "{D7CC2C5C-4C56-48F4-AAA1-B19D1AC12AC1}"
EndProject
Project("{9A19103F-16F7-4668-BE54-9A1E7A4F7556}") = "Task_4", "Examples\C#\Homework_1_seminar\Task_4\Task_4.csproj", "{26201DCD-F556-4922-87CD-052EED346F37}"
EndProject
Global
	GlobalSection(SolutionConfigurationPlatforms) = preSolution
		Debug|Any CPU = Debug|Any CPU
		Release|Any CPU = Release|Any CPU
	EndGlobalSection
	GlobalSection(ProjectConfigurationPlatforms) = postSolution
		{BA6E36C8-8169-4BD2-961B-1FB31B830EF1}.Debug|Any CPU.ActiveCfg = Debug|Any CPU
		{BA6E36C8-8169-4BD2-961B-1FB31B830EF1}.Debug|Any CPU.Build.0 = Debug|Any CPU
		{BA6E36C8-8169-4BD2-961B-1FB31B830EF1}.Release|Any CPU.ActiveCfg = Release|Any CPU
		{BA6E36C8-8169-4BD2-961B-1FB31B830EF1}.Release|Any CPU.Build.0 = Release|Any CPU
		{40CAF9D2-4B2C-42A1-AAF3-5BEF743E43A7}.Debug|Any CPU.ActiveCfg = Debug|Any CPU
		{40CAF9D2-4B2C-42A1-AAF3-5BEF743E43A7}.Debug|Any CPU.Build.0 = Debug|Any CPU
		{40CAF9D2-4B2C-42A1-AAF3-5BEF743E43A7}.Release|Any CPU.ActiveCfg = Release|Any CPU
		{40CAF9D2-4B2C-42A1-AAF3-5BEF743E43A7}.Release|Any CPU.Build.0 = Release|Any CPU
		{3288E4FE-B9B5-4E9D-A196-C5D32BCB8505}.Debug|Any CPU.ActiveCfg = Debug|Any CPU
		{3288E4FE-B9B5-4E9D-A196-C5D32BCB8505}.Debug|Any CPU.Build.0 = Debug|Any CPU
		{3288E4FE-B9B5-4E9D-A196-C5D32BCB8505}.Release|Any CPU.ActiveCfg = Release|Any CPU
		{3288E4FE-B9B5-4E9D-A196-C5D32BCB8505}.Release|Any CPU.Build.0 = Release|Any CPU
		{B6657A54-EDF9-40E6-88A2-577A2C7A3F6C}.Debug|Any CPU.ActiveCfg = Debug|Any CPU
		{B6657A54-EDF9-40E6-88A2-577A2C7A3F6C}.Debug|Any CPU.Build.0 = Debug|Any CPU
		{B6657A54-EDF9-40E6-88A2-577A2C7A3F6C}.Release|Any CPU.ActiveCfg = Release|Any CPU
		{B6657A54-EDF9-40E6-88A2-577A2C7A3F6C}.Release|Any CPU.Build.0 = Release|Any CPU
		{3615A61A-76BC-4D8F-BDA4-1AC853C391BD}.Debug|Any CPU.ActiveCfg = Debug|Any CPU
		{3615A61A-76BC-4D8F-BDA4-1AC853C391BD}.Debug|Any CPU.Build.0 = Debug|Any CPU
		{3615A61A-76BC-4D8F-BDA4-1AC853C391BD}.Release|Any CPU.ActiveCfg = Release|Any CPU
		{3615A61A-76BC-4D8F-BDA4-1AC853C391BD}.Release|Any CPU.Build.0 = Release|Any CPU
		{34AEB49D-2A87-4D31-90D0-D6A9517E4A70}.Debug|Any CPU.ActiveCfg = Debug|Any CPU
		{34AEB49D-2A87-4D31-90D0-D6A9517E4A70}.Debug|Any CPU.Build.0 = Debug|Any CPU
		{34AEB49D-2A87-4D31-90D0-D6A9517E4A70}.Release|Any CPU.ActiveCfg = Release|Any CPU
		{34AEB49D-2A87-4D31-90D0-D6A9517E4A70}.Release|Any CPU.Build.0 = Release|Any CPU
		{2A50BF50-60B8-43B3-9669-0DC7741E5C86}.Debug|Any CPU.ActiveCfg = Debug|Any CPU
		{2A50BF50-60B8-43B3-9669-0DC7741E5C86}.Debug|Any CPU.Build.0 = Debug|Any CPU
		{2A50BF50-60B8-43B3-9669-0DC7741E5C86}.Release|Any CPU.ActiveCfg = Release|Any CPU
		{2A50BF50-60B8-43B3-9669-0DC7741E5C86}.Release|Any CPU.Build.0 = Release|Any CPU
		{12904343-6EA1-41FB-BBFA-A538FC7CF7B6}.Debug|Any CPU.ActiveCfg = Debug|Any CPU
		{12904343-6EA1-41FB-BBFA-A538FC7CF7B6}.Debug|Any CPU.Build.0 = Debug|Any CPU
		{12904343-6EA1-41FB-BBFA-A538FC7CF7B6}.Release|Any CPU.ActiveCfg = Release|Any CPU
		{12904343-6EA1-41FB-BBFA-A538FC7CF7B6}.Release|Any CPU.Build.0 = Release|Any CPU
		{DAB22164-E415-4A67-AA8C-1F0C29129762}.Debug|Any CPU.ActiveCfg = Debug|Any CPU
		{DAB22164-E415-4A67-AA8C-1F0C29129762}.Debug|Any CPU.Build.0 = Debug|Any CPU
		{DAB22164-E415-4A67-AA8C-1F0C29129762}.Release|Any CPU.ActiveCfg = Release|Any CPU
		{DAB22164-E415-4A67-AA8C-1F0C29129762}.Release|Any CPU.Build.0 = Release|Any CPU
		{0B9EB202-3DB4-4531-8275-6F4F59A2D3FC}.Debug|Any CPU.ActiveCfg = Debug|Any CPU
		{0B9EB202-3DB4-4531-8275-6F4F59A2D3FC}.Debug|Any CPU.Build.0 = Debug|Any CPU
		{0B9EB202-3DB4-4531-8275-6F4F59A2D3FC}.Release|Any CPU.ActiveCfg = Release|Any CPU
		{0B9EB202-3DB4-4531-8275-6F4F59A2D3FC}.Release|Any CPU.Build.0 = Release|Any CPU
		{68C01B66-E368-4777-9637-9BCBA410A428}.Debug|Any CPU.ActiveCfg = Debug|Any CPU
		{68C01B66-E368-4777-9637-9BCBA410A428}.Debug|Any CPU.Build.0 = Debug|Any CPU
		{68C01B66-E368-4777-9637-9BCBA410A428}.Release|Any CPU.ActiveCfg = Release|Any CPU
		{68C01B66-E368-4777-9637-9BCBA410A428}.Release|Any CPU.Build.0 = Release|Any CPU
		{E30A6FAD-43D8-4DB3-9B73-6506D3018BEB}.Debug|Any CPU.ActiveCfg = Debug|Any CPU
		{E30A6FAD-43D8-4DB3-9B73-6506D3018BEB}.Debug|Any CPU.Build.0 = Debug|Any CPU
		{E30A6FAD-43D8-4DB3-9B73-6506D3018BEB}.Release|Any CPU.ActiveCfg = Release|Any CPU
		{E30A6FAD-43D8-4DB3-9B73-6506D3018BEB}.Release|Any CPU.Build.0 = Release|Any CPU
		{D9EA4A34-2735-4B51-B22F-973284F0A84A}.Debug|Any CPU.ActiveCfg = Debug|Any CPU
		{D9EA4A34-2735-4B51-B22F-973284F0A84A}.Debug|Any CPU.Build.0 = Debug|Any CPU
		{D9EA4A34-2735-4B51-B22F-973284F0A84A}.Release|Any CPU.ActiveCfg = Release|Any CPU
		{D9EA4A34-2735-4B51-B22F-973284F0A84A}.Release|Any CPU.Build.0 = Release|Any CPU
		{734C63B6-8DE2-4F20-B5C1-15B9283969BC}.Debug|Any CPU.ActiveCfg = Debug|Any CPU
		{734C63B6-8DE2-4F20-B5C1-15B9283969BC}.Debug|Any CPU.Build.0 = Debug|Any CPU
		{734C63B6-8DE2-4F20-B5C1-15B9283969BC}.Release|Any CPU.ActiveCfg = Release|Any CPU
		{734C63B6-8DE2-4F20-B5C1-15B9283969BC}.Release|Any CPU.Build.0 = Release|Any CPU
		{D9B15CDC-F62F-404A-8C1E-8BB43F68907B}.Debug|Any CPU.ActiveCfg = Debug|Any CPU
		{D9B15CDC-F62F-404A-8C1E-8BB43F68907B}.Debug|Any CPU.Build.0 = Debug|Any CPU
		{D9B15CDC-F62F-404A-8C1E-8BB43F68907B}.Release|Any CPU.ActiveCfg = Release|Any CPU
		{D9B15CDC-F62F-404A-8C1E-8BB43F68907B}.Release|Any CPU.Build.0 = Release|Any CPU
		{FF0EBB59-4604-47A6-8EE8-D1B5121CCCF3}.Debug|Any CPU.ActiveCfg = Debug|Any CPU
		{FF0EBB59-4604-47A6-8EE8-D1B5121CCCF3}.Debug|Any CPU.Build.0 = Debug|Any CPU
		{FF0EBB59-4604-47A6-8EE8-D1B5121CCCF3}.Release|Any CPU.ActiveCfg = Release|Any CPU
		{FF0EBB59-4604-47A6-8EE8-D1B5121CCCF3}.Release|Any CPU.Build.0 = Release|Any CPU
		{0417A34F-9DF6-44BA-AB1F-DC1CE7C8FE92}.Debug|Any CPU.ActiveCfg = Debug|Any CPU
		{0417A34F-9DF6-44BA-AB1F-DC1CE7C8FE92}.Debug|Any CPU.Build.0 = Debug|Any CPU
		{0417A34F-9DF6-44BA-AB1F-DC1CE7C8FE92}.Release|Any CPU.ActiveCfg = Release|Any CPU
		{0417A34F-9DF6-44BA-AB1F-DC1CE7C8FE92}.Release|Any CPU.Build.0 = Release|Any CPU
		{A64E17B8-9176-4592-AEC9-E0495F8768E0}.Debug|Any CPU.ActiveCfg = Debug|Any CPU
		{A64E17B8-9176-4592-AEC9-E0495F8768E0}.Debug|Any CPU.Build.0 = Debug|Any CPU
		{A64E17B8-9176-4592-AEC9-E0495F8768E0}.Release|Any CPU.ActiveCfg = Release|Any CPU
		{A64E17B8-9176-4592-AEC9-E0495F8768E0}.Release|Any CPU.Build.0 = Release|Any CPU
		{D3742004-A30B-4D07-91F7-037D01DDE28E}.Debug|Any CPU.ActiveCfg = Debug|Any CPU
		{D3742004-A30B-4D07-91F7-037D01DDE28E}.Debug|Any CPU.Build.0 = Debug|Any CPU
		{D3742004-A30B-4D07-91F7-037D01DDE28E}.Release|Any CPU.ActiveCfg = Release|Any CPU
		{D3742004-A30B-4D07-91F7-037D01DDE28E}.Release|Any CPU.Build.0 = Release|Any CPU
		{2761860C-3006-44A7-9086-44E3211BF012}.Debug|Any CPU.ActiveCfg = Debug|Any CPU
		{2761860C-3006-44A7-9086-44E3211BF012}.Debug|Any CPU.Build.0 = Debug|Any CPU
		{2761860C-3006-44A7-9086-44E3211BF012}.Release|Any CPU.ActiveCfg = Release|Any CPU
		{2761860C-3006-44A7-9086-44E3211BF012}.Release|Any CPU.Build.0 = Release|Any CPU
		{D2BD8755-5139-473E-9A20-47A79A1ECB02}.Debug|Any CPU.ActiveCfg = Debug|Any CPU
		{D2BD8755-5139-473E-9A20-47A79A1ECB02}.Debug|Any CPU.Build.0 = Debug|Any CPU
		{D2BD8755-5139-473E-9A20-47A79A1ECB02}.Release|Any CPU.ActiveCfg = Release|Any CPU
		{D2BD8755-5139-473E-9A20-47A79A1ECB02}.Release|Any CPU.Build.0 = Release|Any CPU
		{6E1530A3-360D-475D-8A5F-5BD620F00362}.Debug|Any CPU.ActiveCfg = Debug|Any CPU
		{6E1530A3-360D-475D-8A5F-5BD620F00362}.Debug|Any CPU.Build.0 = Debug|Any CPU
		{6E1530A3-360D-475D-8A5F-5BD620F00362}.Release|Any CPU.ActiveCfg = Release|Any CPU
		{6E1530A3-360D-475D-8A5F-5BD620F00362}.Release|Any CPU.Build.0 = Release|Any CPU
		{8B456C32-8331-4364-B0B1-924AECA6D2A9}.Debug|Any CPU.ActiveCfg = Debug|Any CPU
		{8B456C32-8331-4364-B0B1-924AECA6D2A9}.Debug|Any CPU.Build.0 = Debug|Any CPU
		{8B456C32-8331-4364-B0B1-924AECA6D2A9}.Release|Any CPU.ActiveCfg = Release|Any CPU
		{8B456C32-8331-4364-B0B1-924AECA6D2A9}.Release|Any CPU.Build.0 = Release|Any CPU
		{121D2F4F-9BE9-4307-AE3D-81FFFFD3BB3B}.Debug|Any CPU.ActiveCfg = Debug|Any CPU
		{121D2F4F-9BE9-4307-AE3D-81FFFFD3BB3B}.Debug|Any CPU.Build.0 = Debug|Any CPU
		{121D2F4F-9BE9-4307-AE3D-81FFFFD3BB3B}.Release|Any CPU.ActiveCfg = Release|Any CPU
		{121D2F4F-9BE9-4307-AE3D-81FFFFD3BB3B}.Release|Any CPU.Build.0 = Release|Any CPU
		{5871B70E-6D8B-4E03-A06D-CEC6DFC07577}.Debug|Any CPU.ActiveCfg = Debug|Any CPU
		{5871B70E-6D8B-4E03-A06D-CEC6DFC07577}.Debug|Any CPU.Build.0 = Debug|Any CPU
		{5871B70E-6D8B-4E03-A06D-CEC6DFC07577}.Release|Any CPU.ActiveCfg = Release|Any CPU
		{5871B70E-6D8B-4E03-A06D-CEC6DFC07577}.Release|Any CPU.Build.0 = Release|Any CPU
		{7621B444-F375-433A-9334-A90AC7B48B26}.Debug|Any CPU.ActiveCfg = Debug|Any CPU
		{7621B444-F375-433A-9334-A90AC7B48B26}.Debug|Any CPU.Build.0 = Debug|Any CPU
		{7621B444-F375-433A-9334-A90AC7B48B26}.Release|Any CPU.ActiveCfg = Release|Any CPU
		{7621B444-F375-433A-9334-A90AC7B48B26}.Release|Any CPU.Build.0 = Release|Any CPU
		{40F925E1-782E-4069-8982-D987164118BD}.Debug|Any CPU.ActiveCfg = Debug|Any CPU
		{40F925E1-782E-4069-8982-D987164118BD}.Debug|Any CPU.Build.0 = Debug|Any CPU
		{40F925E1-782E-4069-8982-D987164118BD}.Release|Any CPU.ActiveCfg = Release|Any CPU
		{40F925E1-782E-4069-8982-D987164118BD}.Release|Any CPU.Build.0 = Release|Any CPU
		{74DD27F3-3C8D-4F17-B479-0B5DC055F399}.Debug|Any CPU.ActiveCfg = Debug|Any CPU
		{74DD27F3-3C8D-4F17-B479-0B5DC055F399}.Debug|Any CPU.Build.0 = Debug|Any CPU
		{74DD27F3-3C8D-4F17-B479-0B5DC055F399}.Release|Any CPU.ActiveCfg = Release|Any CPU
		{74DD27F3-3C8D-4F17-B479-0B5DC055F399}.Release|Any CPU.Build.0 = Release|Any CPU
		{9035CEB9-B3B8-4A42-967E-E2C1E38F7F71}.Debug|Any CPU.ActiveCfg = Debug|Any CPU
		{9035CEB9-B3B8-4A42-967E-E2C1E38F7F71}.Debug|Any CPU.Build.0 = Debug|Any CPU
		{9035CEB9-B3B8-4A42-967E-E2C1E38F7F71}.Release|Any CPU.ActiveCfg = Release|Any CPU
		{9035CEB9-B3B8-4A42-967E-E2C1E38F7F71}.Release|Any CPU.Build.0 = Release|Any CPU
		{569A6F08-FBE9-4C69-B05F-99375A2DE9C0}.Debug|Any CPU.ActiveCfg = Debug|Any CPU
		{569A6F08-FBE9-4C69-B05F-99375A2DE9C0}.Debug|Any CPU.Build.0 = Debug|Any CPU
		{569A6F08-FBE9-4C69-B05F-99375A2DE9C0}.Release|Any CPU.ActiveCfg = Release|Any CPU
		{569A6F08-FBE9-4C69-B05F-99375A2DE9C0}.Release|Any CPU.Build.0 = Release|Any CPU
		{2DA485D8-CEF1-4105-B367-43AA0C25EC30}.Debug|Any CPU.ActiveCfg = Debug|Any CPU
		{2DA485D8-CEF1-4105-B367-43AA0C25EC30}.Debug|Any CPU.Build.0 = Debug|Any CPU
		{2DA485D8-CEF1-4105-B367-43AA0C25EC30}.Release|Any CPU.ActiveCfg = Release|Any CPU
		{2DA485D8-CEF1-4105-B367-43AA0C25EC30}.Release|Any CPU.Build.0 = Release|Any CPU
		{4BE5B1CB-5DA8-4F11-8CDE-FF7238B0FA2C}.Debug|Any CPU.ActiveCfg = Debug|Any CPU
		{4BE5B1CB-5DA8-4F11-8CDE-FF7238B0FA2C}.Debug|Any CPU.Build.0 = Debug|Any CPU
		{4BE5B1CB-5DA8-4F11-8CDE-FF7238B0FA2C}.Release|Any CPU.ActiveCfg = Release|Any CPU
		{4BE5B1CB-5DA8-4F11-8CDE-FF7238B0FA2C}.Release|Any CPU.Build.0 = Release|Any CPU
		{F4CA3637-7CAE-4000-B7A9-ECB5D404E7A6}.Debug|Any CPU.ActiveCfg = Debug|Any CPU
		{F4CA3637-7CAE-4000-B7A9-ECB5D404E7A6}.Debug|Any CPU.Build.0 = Debug|Any CPU
		{F4CA3637-7CAE-4000-B7A9-ECB5D404E7A6}.Release|Any CPU.ActiveCfg = Release|Any CPU
		{F4CA3637-7CAE-4000-B7A9-ECB5D404E7A6}.Release|Any CPU.Build.0 = Release|Any CPU
		{CFD20E9C-9057-4A22-A19A-C2BDC4C34FCB}.Debug|Any CPU.ActiveCfg = Debug|Any CPU
		{CFD20E9C-9057-4A22-A19A-C2BDC4C34FCB}.Debug|Any CPU.Build.0 = Debug|Any CPU
		{CFD20E9C-9057-4A22-A19A-C2BDC4C34FCB}.Release|Any CPU.ActiveCfg = Release|Any CPU
		{CFD20E9C-9057-4A22-A19A-C2BDC4C34FCB}.Release|Any CPU.Build.0 = Release|Any CPU
		{D6933EEB-C8FB-4271-8383-C1F47B5948C0}.Debug|Any CPU.ActiveCfg = Debug|Any CPU
		{D6933EEB-C8FB-4271-8383-C1F47B5948C0}.Debug|Any CPU.Build.0 = Debug|Any CPU
		{D6933EEB-C8FB-4271-8383-C1F47B5948C0}.Release|Any CPU.ActiveCfg = Release|Any CPU
		{D6933EEB-C8FB-4271-8383-C1F47B5948C0}.Release|Any CPU.Build.0 = Release|Any CPU
		{8A8D311A-6910-46DE-9EA4-29D95BD92B45}.Debug|Any CPU.ActiveCfg = Debug|Any CPU
		{8A8D311A-6910-46DE-9EA4-29D95BD92B45}.Debug|Any CPU.Build.0 = Debug|Any CPU
		{8A8D311A-6910-46DE-9EA4-29D95BD92B45}.Release|Any CPU.ActiveCfg = Release|Any CPU
		{8A8D311A-6910-46DE-9EA4-29D95BD92B45}.Release|Any CPU.Build.0 = Release|Any CPU
		{2101BB23-C324-4E47-BA37-BA0E88CB1124}.Debug|Any CPU.ActiveCfg = Debug|Any CPU
		{2101BB23-C324-4E47-BA37-BA0E88CB1124}.Debug|Any CPU.Build.0 = Debug|Any CPU
		{2101BB23-C324-4E47-BA37-BA0E88CB1124}.Release|Any CPU.ActiveCfg = Release|Any CPU
		{2101BB23-C324-4E47-BA37-BA0E88CB1124}.Release|Any CPU.Build.0 = Release|Any CPU
		{8512263D-D1D8-40BE-AC19-64659D6E5819}.Debug|Any CPU.ActiveCfg = Debug|Any CPU
		{8512263D-D1D8-40BE-AC19-64659D6E5819}.Debug|Any CPU.Build.0 = Debug|Any CPU
		{8512263D-D1D8-40BE-AC19-64659D6E5819}.Release|Any CPU.ActiveCfg = Release|Any CPU
		{8512263D-D1D8-40BE-AC19-64659D6E5819}.Release|Any CPU.Build.0 = Release|Any CPU
		{7D4C2598-B6F6-44D5-B96C-79253AAA98C5}.Debug|Any CPU.ActiveCfg = Debug|Any CPU
		{7D4C2598-B6F6-44D5-B96C-79253AAA98C5}.Debug|Any CPU.Build.0 = Debug|Any CPU
		{7D4C2598-B6F6-44D5-B96C-79253AAA98C5}.Release|Any CPU.ActiveCfg = Release|Any CPU
		{7D4C2598-B6F6-44D5-B96C-79253AAA98C5}.Release|Any CPU.Build.0 = Release|Any CPU
		{40E3D0CA-C152-47C7-AC1A-EC352DB4BA6A}.Debug|Any CPU.ActiveCfg = Debug|Any CPU
		{40E3D0CA-C152-47C7-AC1A-EC352DB4BA6A}.Debug|Any CPU.Build.0 = Debug|Any CPU
		{40E3D0CA-C152-47C7-AC1A-EC352DB4BA6A}.Release|Any CPU.ActiveCfg = Release|Any CPU
		{40E3D0CA-C152-47C7-AC1A-EC352DB4BA6A}.Release|Any CPU.Build.0 = Release|Any CPU
		{35EF2E24-4AEB-41D1-A778-650A12DB4E64}.Debug|Any CPU.ActiveCfg = Debug|Any CPU
		{35EF2E24-4AEB-41D1-A778-650A12DB4E64}.Debug|Any CPU.Build.0 = Debug|Any CPU
		{35EF2E24-4AEB-41D1-A778-650A12DB4E64}.Release|Any CPU.ActiveCfg = Release|Any CPU
		{35EF2E24-4AEB-41D1-A778-650A12DB4E64}.Release|Any CPU.Build.0 = Release|Any CPU
		{01A1FFDA-43B3-403B-86A1-F2EAF30DFC04}.Debug|Any CPU.ActiveCfg = Debug|Any CPU
		{01A1FFDA-43B3-403B-86A1-F2EAF30DFC04}.Debug|Any CPU.Build.0 = Debug|Any CPU
		{01A1FFDA-43B3-403B-86A1-F2EAF30DFC04}.Release|Any CPU.ActiveCfg = Release|Any CPU
		{01A1FFDA-43B3-403B-86A1-F2EAF30DFC04}.Release|Any CPU.Build.0 = Release|Any CPU
		{5BF31996-03B5-498C-B4C5-C17F32D1AF7B}.Debug|Any CPU.ActiveCfg = Debug|Any CPU
		{5BF31996-03B5-498C-B4C5-C17F32D1AF7B}.Debug|Any CPU.Build.0 = Debug|Any CPU
		{5BF31996-03B5-498C-B4C5-C17F32D1AF7B}.Release|Any CPU.ActiveCfg = Release|Any CPU
		{5BF31996-03B5-498C-B4C5-C17F32D1AF7B}.Release|Any CPU.Build.0 = Release|Any CPU
		{718E0CC8-4776-4C12-9238-43F8ED149B03}.Debug|Any CPU.ActiveCfg = Debug|Any CPU
		{718E0CC8-4776-4C12-9238-43F8ED149B03}.Debug|Any CPU.Build.0 = Debug|Any CPU
		{718E0CC8-4776-4C12-9238-43F8ED149B03}.Release|Any CPU.ActiveCfg = Release|Any CPU
		{718E0CC8-4776-4C12-9238-43F8ED149B03}.Release|Any CPU.Build.0 = Release|Any CPU
		{CC5495FE-AC1B-4FE0-82D5-7BFA6C325DD0}.Debug|Any CPU.ActiveCfg = Debug|Any CPU
		{CC5495FE-AC1B-4FE0-82D5-7BFA6C325DD0}.Debug|Any CPU.Build.0 = Debug|Any CPU
		{CC5495FE-AC1B-4FE0-82D5-7BFA6C325DD0}.Release|Any CPU.ActiveCfg = Release|Any CPU
		{CC5495FE-AC1B-4FE0-82D5-7BFA6C325DD0}.Release|Any CPU.Build.0 = Release|Any CPU
		{B75F6E31-D772-4554-9E4E-3C4499C6F273}.Debug|Any CPU.ActiveCfg = Debug|Any CPU
		{B75F6E31-D772-4554-9E4E-3C4499C6F273}.Debug|Any CPU.Build.0 = Debug|Any CPU
		{B75F6E31-D772-4554-9E4E-3C4499C6F273}.Release|Any CPU.ActiveCfg = Release|Any CPU
		{B75F6E31-D772-4554-9E4E-3C4499C6F273}.Release|Any CPU.Build.0 = Release|Any CPU
		{2E439508-A812-4E40-BEBC-B49FD1111272}.Debug|Any CPU.ActiveCfg = Debug|Any CPU
		{2E439508-A812-4E40-BEBC-B49FD1111272}.Debug|Any CPU.Build.0 = Debug|Any CPU
		{2E439508-A812-4E40-BEBC-B49FD1111272}.Release|Any CPU.ActiveCfg = Release|Any CPU
		{2E439508-A812-4E40-BEBC-B49FD1111272}.Release|Any CPU.Build.0 = Release|Any CPU
		{6920C3BC-4B80-41D3-99B4-6B4F46D61A8C}.Debug|Any CPU.ActiveCfg = Debug|Any CPU
		{6920C3BC-4B80-41D3-99B4-6B4F46D61A8C}.Debug|Any CPU.Build.0 = Debug|Any CPU
		{6920C3BC-4B80-41D3-99B4-6B4F46D61A8C}.Release|Any CPU.ActiveCfg = Release|Any CPU
		{6920C3BC-4B80-41D3-99B4-6B4F46D61A8C}.Release|Any CPU.Build.0 = Release|Any CPU
		{58600C21-9863-4894-879E-1E7D7F52E3CD}.Debug|Any CPU.ActiveCfg = Debug|Any CPU
		{58600C21-9863-4894-879E-1E7D7F52E3CD}.Debug|Any CPU.Build.0 = Debug|Any CPU
		{58600C21-9863-4894-879E-1E7D7F52E3CD}.Release|Any CPU.ActiveCfg = Release|Any CPU
		{58600C21-9863-4894-879E-1E7D7F52E3CD}.Release|Any CPU.Build.0 = Release|Any CPU
		{D7CC2C5C-4C56-48F4-AAA1-B19D1AC12AC1}.Debug|Any CPU.ActiveCfg = Debug|Any CPU
		{D7CC2C5C-4C56-48F4-AAA1-B19D1AC12AC1}.Debug|Any CPU.Build.0 = Debug|Any CPU
		{D7CC2C5C-4C56-48F4-AAA1-B19D1AC12AC1}.Release|Any CPU.ActiveCfg = Release|Any CPU
		{D7CC2C5C-4C56-48F4-AAA1-B19D1AC12AC1}.Release|Any CPU.Build.0 = Release|Any CPU
		{26201DCD-F556-4922-87CD-052EED346F37}.Debug|Any CPU.ActiveCfg = Debug|Any CPU
		{26201DCD-F556-4922-87CD-052EED346F37}.Debug|Any CPU.Build.0 = Debug|Any CPU
		{26201DCD-F556-4922-87CD-052EED346F37}.Release|Any CPU.ActiveCfg = Release|Any CPU
		{26201DCD-F556-4922-87CD-052EED346F37}.Release|Any CPU.Build.0 = Release|Any CPU
	EndGlobalSection
	GlobalSection(SolutionProperties) = preSolution
		HideSolutionNode = FALSE
	EndGlobalSection
	GlobalSection(NestedProjects) = preSolution
		{BA6E36C8-8169-4BD2-961B-1FB31B830EF1} = {259637AE-AAEB-497C-A34F-63B50A804832}
		{40CAF9D2-4B2C-42A1-AAF3-5BEF743E43A7} = {91685193-40A2-43DE-870A-BF9BBC2874D1}
		{3288E4FE-B9B5-4E9D-A196-C5D32BCB8505} = {91685193-40A2-43DE-870A-BF9BBC2874D1}
		{B6657A54-EDF9-40E6-88A2-577A2C7A3F6C} = {91685193-40A2-43DE-870A-BF9BBC2874D1}
		{3615A61A-76BC-4D8F-BDA4-1AC853C391BD} = {91685193-40A2-43DE-870A-BF9BBC2874D1}
		{34AEB49D-2A87-4D31-90D0-D6A9517E4A70} = {91685193-40A2-43DE-870A-BF9BBC2874D1}
		{0D2F9540-F98B-4271-89CF-5ECFC57676B2} = {259637AE-AAEB-497C-A34F-63B50A804832}
		{2A50BF50-60B8-43B3-9669-0DC7741E5C86} = {0D2F9540-F98B-4271-89CF-5ECFC57676B2}
		{12904343-6EA1-41FB-BBFA-A538FC7CF7B6} = {0D2F9540-F98B-4271-89CF-5ECFC57676B2}
		{DAB22164-E415-4A67-AA8C-1F0C29129762} = {0D2F9540-F98B-4271-89CF-5ECFC57676B2}
		{0B9EB202-3DB4-4531-8275-6F4F59A2D3FC} = {0D2F9540-F98B-4271-89CF-5ECFC57676B2}
		{68C01B66-E368-4777-9637-9BCBA410A428} = {0D2F9540-F98B-4271-89CF-5ECFC57676B2}
		{E30A6FAD-43D8-4DB3-9B73-6506D3018BEB} = {0D2F9540-F98B-4271-89CF-5ECFC57676B2}
		{D9EA4A34-2735-4B51-B22F-973284F0A84A} = {0D2F9540-F98B-4271-89CF-5ECFC57676B2}
		{734C63B6-8DE2-4F20-B5C1-15B9283969BC} = {0D2F9540-F98B-4271-89CF-5ECFC57676B2}
		{D9B15CDC-F62F-404A-8C1E-8BB43F68907B} = {0D2F9540-F98B-4271-89CF-5ECFC57676B2}
		{FF0EBB59-4604-47A6-8EE8-D1B5121CCCF3} = {0D2F9540-F98B-4271-89CF-5ECFC57676B2}
		{0417A34F-9DF6-44BA-AB1F-DC1CE7C8FE92} = {0D2F9540-F98B-4271-89CF-5ECFC57676B2}
		{A64E17B8-9176-4592-AEC9-E0495F8768E0} = {0D2F9540-F98B-4271-89CF-5ECFC57676B2}
		{D3742004-A30B-4D07-91F7-037D01DDE28E} = {0D2F9540-F98B-4271-89CF-5ECFC57676B2}
		{2761860C-3006-44A7-9086-44E3211BF012} = {0D2F9540-F98B-4271-89CF-5ECFC57676B2}
		{277C19FA-4662-4F5A-9884-AB4675E70F0E} = {259637AE-AAEB-497C-A34F-63B50A804832}
		{D2BD8755-5139-473E-9A20-47A79A1ECB02} = {277C19FA-4662-4F5A-9884-AB4675E70F0E}
		{6E1530A3-360D-475D-8A5F-5BD620F00362} = {277C19FA-4662-4F5A-9884-AB4675E70F0E}
		{B6F20DCF-C2D3-49D1-AB2E-B33B7E3236DC} = {0D2F9540-F98B-4271-89CF-5ECFC57676B2}
		{8B456C32-8331-4364-B0B1-924AECA6D2A9} = {B6F20DCF-C2D3-49D1-AB2E-B33B7E3236DC}
		{121D2F4F-9BE9-4307-AE3D-81FFFFD3BB3B} = {B6F20DCF-C2D3-49D1-AB2E-B33B7E3236DC}
		{5871B70E-6D8B-4E03-A06D-CEC6DFC07577} = {B6F20DCF-C2D3-49D1-AB2E-B33B7E3236DC}
		{D3F85FCC-B804-42D5-8A09-6337E031D7BD} = {0D2F9540-F98B-4271-89CF-5ECFC57676B2}
		{7621B444-F375-433A-9334-A90AC7B48B26} = {D3F85FCC-B804-42D5-8A09-6337E031D7BD}
		{40F925E1-782E-4069-8982-D987164118BD} = {D3F85FCC-B804-42D5-8A09-6337E031D7BD}
		{74DD27F3-3C8D-4F17-B479-0B5DC055F399} = {D3F85FCC-B804-42D5-8A09-6337E031D7BD}
		{9035CEB9-B3B8-4A42-967E-E2C1E38F7F71} = {D3F85FCC-B804-42D5-8A09-6337E031D7BD}
		{569A6F08-FBE9-4C69-B05F-99375A2DE9C0} = {D3F85FCC-B804-42D5-8A09-6337E031D7BD}
		{8C56F042-2174-438E-BB2A-D2AAB46D2C6A} = {0D2F9540-F98B-4271-89CF-5ECFC57676B2}
		{2DA485D8-CEF1-4105-B367-43AA0C25EC30} = {8C56F042-2174-438E-BB2A-D2AAB46D2C6A}
		{4BE5B1CB-5DA8-4F11-8CDE-FF7238B0FA2C} = {8C56F042-2174-438E-BB2A-D2AAB46D2C6A}
		{F4CA3637-7CAE-4000-B7A9-ECB5D404E7A6} = {8C56F042-2174-438E-BB2A-D2AAB46D2C6A}
		{E4C9528C-3969-44F5-B2FA-5732C7CE2262} = {0D2F9540-F98B-4271-89CF-5ECFC57676B2}
		{CFD20E9C-9057-4A22-A19A-C2BDC4C34FCB} = {E4C9528C-3969-44F5-B2FA-5732C7CE2262}
		{D6933EEB-C8FB-4271-8383-C1F47B5948C0} = {E4C9528C-3969-44F5-B2FA-5732C7CE2262}
		{8A8D311A-6910-46DE-9EA4-29D95BD92B45} = {E4C9528C-3969-44F5-B2FA-5732C7CE2262}
		{E8C2D216-E843-430B-8632-ADFD667844DC} = {0D2F9540-F98B-4271-89CF-5ECFC57676B2}
		{2101BB23-C324-4E47-BA37-BA0E88CB1124} = {E8C2D216-E843-430B-8632-ADFD667844DC}
		{8512263D-D1D8-40BE-AC19-64659D6E5819} = {E8C2D216-E843-430B-8632-ADFD667844DC}
		{65CC8B97-0DA6-4F3C-8BF5-2AED45E29C9D} = {0D2F9540-F98B-4271-89CF-5ECFC57676B2}
		{7D4C2598-B6F6-44D5-B96C-79253AAA98C5} = {65CC8B97-0DA6-4F3C-8BF5-2AED45E29C9D}
		{40E3D0CA-C152-47C7-AC1A-EC352DB4BA6A} = {65CC8B97-0DA6-4F3C-8BF5-2AED45E29C9D}
		{35EF2E24-4AEB-41D1-A778-650A12DB4E64} = {65CC8B97-0DA6-4F3C-8BF5-2AED45E29C9D}
		{881D544D-A4C6-4C19-9DC8-532A0D70960B} = {0D2F9540-F98B-4271-89CF-5ECFC57676B2}
		{01A1FFDA-43B3-403B-86A1-F2EAF30DFC04} = {881D544D-A4C6-4C19-9DC8-532A0D70960B}
		{5BF31996-03B5-498C-B4C5-C17F32D1AF7B} = {881D544D-A4C6-4C19-9DC8-532A0D70960B}
		{718E0CC8-4776-4C12-9238-43F8ED149B03} = {881D544D-A4C6-4C19-9DC8-532A0D70960B}
		{B86D1048-C5B5-4AEE-8F81-6EBB88C9AAA6} = {0D2F9540-F98B-4271-89CF-5ECFC57676B2}
		{CC5495FE-AC1B-4FE0-82D5-7BFA6C325DD0} = {B86D1048-C5B5-4AEE-8F81-6EBB88C9AAA6}
		{B75F6E31-D772-4554-9E4E-3C4499C6F273} = {B86D1048-C5B5-4AEE-8F81-6EBB88C9AAA6}
		{2E439508-A812-4E40-BEBC-B49FD1111272} = {B86D1048-C5B5-4AEE-8F81-6EBB88C9AAA6}
		{2366F763-69C5-4F7B-8B62-5D853BF5D491} = {0D2F9540-F98B-4271-89CF-5ECFC57676B2}
		{6920C3BC-4B80-41D3-99B4-6B4F46D61A8C} = {2366F763-69C5-4F7B-8B62-5D853BF5D491}
		{58600C21-9863-4894-879E-1E7D7F52E3CD} = {2366F763-69C5-4F7B-8B62-5D853BF5D491}
		{D7CC2C5C-4C56-48F4-AAA1-B19D1AC12AC1} = {2366F763-69C5-4F7B-8B62-5D853BF5D491}
		{26201DCD-F556-4922-87CD-052EED346F37} = {2366F763-69C5-4F7B-8B62-5D853BF5D491}
	EndGlobalSection
	GlobalSection(ExtensibilityGlobals) = postSolution
		SolutionGuid = {0202F7F0-E17A-44ED-BF53-542D56232A79}
	EndGlobalSection
EndGlobal
